// !$*UTF8*$!
{
	archiveVersion = 1;
	classes = {
	};
	objectVersion = 55;
	objects = {

/* Begin PBXBuildFile section */
		6FC844562909A972007105C3 /* AppDelegate.swift in Sources */ = {isa = PBXBuildFile; fileRef = 6FC844552909A972007105C3 /* AppDelegate.swift */; };
		6FC844582909A972007105C3 /* SceneDelegate.swift in Sources */ = {isa = PBXBuildFile; fileRef = 6FC844572909A972007105C3 /* SceneDelegate.swift */; };
		6FC8445F2909A975007105C3 /* Assets.xcassets in Resources */ = {isa = PBXBuildFile; fileRef = 6FC8445E2909A975007105C3 /* Assets.xcassets */; };
		6FC844622909A975007105C3 /* LaunchScreen.storyboard in Resources */ = {isa = PBXBuildFile; fileRef = 6FC844602909A975007105C3 /* LaunchScreen.storyboard */; };
		6FC8446B2909A9B4007105C3 /* MainViewController.swift in Sources */ = {isa = PBXBuildFile; fileRef = 6FC844692909A9B4007105C3 /* MainViewController.swift */; };
		6FC8446C2909A9B4007105C3 /* MainViewController.xib in Resources */ = {isa = PBXBuildFile; fileRef = 6FC8446A2909A9B4007105C3 /* MainViewController.xib */; };
		6FC8446E2909BA1F007105C3 /* BarProgressView.swift in Sources */ = {isa = PBXBuildFile; fileRef = 6FC8446D2909BA1F007105C3 /* BarProgressView.swift */; };
		6FC844702909CCA0007105C3 /* Networking.swift in Sources */ = {isa = PBXBuildFile; fileRef = 6FC8446F2909CCA0007105C3 /* Networking.swift */; };
		6FC844732909D166007105C3 /* Player.swift in Sources */ = {isa = PBXBuildFile; fileRef = 6FC844722909D166007105C3 /* Player.swift */; };
		6FC844752909D17C007105C3 /* PlayerResponse.swift in Sources */ = {isa = PBXBuildFile; fileRef = 6FC844742909D17C007105C3 /* PlayerResponse.swift */; };
		6FC844772909DACA007105C3 /* WorldCupData.swift in Sources */ = {isa = PBXBuildFile; fileRef = 6FC844762909DACA007105C3 /* WorldCupData.swift */; };
		798B585F1EEFEA6DEEAFE6D0 /* Pods_Teste_Sports_Match.framework in Frameworks */ = {isa = PBXBuildFile; fileRef = F95CB0445A19B2FCB71BB045 /* Pods_Teste_Sports_Match.framework */; };
/* End PBXBuildFile section */

/* Begin PBXFileReference section */
		49BEB0DE2FCA2E0E5B723879 /* Pods-Teste Sports Match.debug.xcconfig */ = {isa = PBXFileReference; includeInIndex = 1; lastKnownFileType = text.xcconfig; name = "Pods-Teste Sports Match.debug.xcconfig"; path = "Target Support Files/Pods-Teste Sports Match/Pods-Teste Sports Match.debug.xcconfig"; sourceTree = "<group>"; };
		6FC844522909A972007105C3 /* Teste Sports Match.app */ = {isa = PBXFileReference; explicitFileType = wrapper.application; includeInIndex = 0; path = "Teste Sports Match.app"; sourceTree = BUILT_PRODUCTS_DIR; };
		6FC844552909A972007105C3 /* AppDelegate.swift */ = {isa = PBXFileReference; lastKnownFileType = sourcecode.swift; path = AppDelegate.swift; sourceTree = "<group>"; };
		6FC844572909A972007105C3 /* SceneDelegate.swift */ = {isa = PBXFileReference; lastKnownFileType = sourcecode.swift; path = SceneDelegate.swift; sourceTree = "<group>"; };
		6FC8445E2909A975007105C3 /* Assets.xcassets */ = {isa = PBXFileReference; lastKnownFileType = folder.assetcatalog; path = Assets.xcassets; sourceTree = "<group>"; };
		6FC844612909A975007105C3 /* Base */ = {isa = PBXFileReference; lastKnownFileType = file.storyboard; name = Base; path = Base.lproj/LaunchScreen.storyboard; sourceTree = "<group>"; };
		6FC844632909A975007105C3 /* Info.plist */ = {isa = PBXFileReference; lastKnownFileType = text.plist.xml; path = Info.plist; sourceTree = "<group>"; };
		6FC844692909A9B4007105C3 /* MainViewController.swift */ = {isa = PBXFileReference; lastKnownFileType = sourcecode.swift; path = MainViewController.swift; sourceTree = "<group>"; };
		6FC8446A2909A9B4007105C3 /* MainViewController.xib */ = {isa = PBXFileReference; lastKnownFileType = file.xib; path = MainViewController.xib; sourceTree = "<group>"; };
		6FC8446D2909BA1F007105C3 /* BarProgressView.swift */ = {isa = PBXFileReference; lastKnownFileType = sourcecode.swift; path = BarProgressView.swift; sourceTree = "<group>"; };
		6FC8446F2909CCA0007105C3 /* Networking.swift */ = {isa = PBXFileReference; lastKnownFileType = sourcecode.swift; path = Networking.swift; sourceTree = "<group>"; };
		6FC844722909D166007105C3 /* Player.swift */ = {isa = PBXFileReference; lastKnownFileType = sourcecode.swift; path = Player.swift; sourceTree = "<group>"; };
		6FC844742909D17C007105C3 /* PlayerResponse.swift */ = {isa = PBXFileReference; lastKnownFileType = sourcecode.swift; path = PlayerResponse.swift; sourceTree = "<group>"; };
		6FC844762909DACA007105C3 /* WorldCupData.swift */ = {isa = PBXFileReference; lastKnownFileType = sourcecode.swift; path = WorldCupData.swift; sourceTree = "<group>"; };
		7D4610DEB28B47BED678EA7A /* Pods-Teste Sports Match.release.xcconfig */ = {isa = PBXFileReference; includeInIndex = 1; lastKnownFileType = text.xcconfig; name = "Pods-Teste Sports Match.release.xcconfig"; path = "Target Support Files/Pods-Teste Sports Match/Pods-Teste Sports Match.release.xcconfig"; sourceTree = "<group>"; };
		F95CB0445A19B2FCB71BB045 /* Pods_Teste_Sports_Match.framework */ = {isa = PBXFileReference; explicitFileType = wrapper.framework; includeInIndex = 0; path = Pods_Teste_Sports_Match.framework; sourceTree = BUILT_PRODUCTS_DIR; };
/* End PBXFileReference section */

/* Begin PBXFrameworksBuildPhase section */
		6FC8444F2909A972007105C3 /* Frameworks */ = {
			isa = PBXFrameworksBuildPhase;
			buildActionMask = 2147483647;
			files = (
				798B585F1EEFEA6DEEAFE6D0 /* Pods_Teste_Sports_Match.framework in Frameworks */,
			);
			runOnlyForDeploymentPostprocessing = 0;
		};
/* End PBXFrameworksBuildPhase section */

/* Begin PBXGroup section */
		1388AB354EEDDE04E01E1E9A /* Frameworks */ = {
			isa = PBXGroup;
			children = (
				F95CB0445A19B2FCB71BB045 /* Pods_Teste_Sports_Match.framework */,
			);
			name = Frameworks;
			sourceTree = "<group>";
		};
		6FC844492909A972007105C3 = {
			isa = PBXGroup;
			children = (
				6FC844542909A972007105C3 /* Teste Sports Match */,
				6FC844532909A972007105C3 /* Products */,
				AACDA689F189BA7A7C8F2F72 /* Pods */,
				1388AB354EEDDE04E01E1E9A /* Frameworks */,
			);
			sourceTree = "<group>";
		};
		6FC844532909A972007105C3 /* Products */ = {
			isa = PBXGroup;
			children = (
				6FC844522909A972007105C3 /* Teste Sports Match.app */,
			);
			name = Products;
			sourceTree = "<group>";
		};
		6FC844542909A972007105C3 /* Teste Sports Match */ = {
			isa = PBXGroup;
			children = (
				6FC844782909EA65007105C3 /* Views */,
				6FC844712909D116007105C3 /* Models */,
				6FC844552909A972007105C3 /* AppDelegate.swift */,
				6FC844572909A972007105C3 /* SceneDelegate.swift */,
				6FC8445E2909A975007105C3 /* Assets.xcassets */,
				6FC844602909A975007105C3 /* LaunchScreen.storyboard */,
				6FC844632909A975007105C3 /* Info.plist */,
			);
			path = "Teste Sports Match";
			sourceTree = "<group>";
		};
		6FC844712909D116007105C3 /* Models */ = {
			isa = PBXGroup;
			children = (
				6FC8446F2909CCA0007105C3 /* Networking.swift */,
				6FC844722909D166007105C3 /* Player.swift */,
				6FC844742909D17C007105C3 /* PlayerResponse.swift */,
				6FC844762909DACA007105C3 /* WorldCupData.swift */,
			);
			path = Models;
			sourceTree = "<group>";
		};
		6FC844782909EA65007105C3 /* Views */ = {
			isa = PBXGroup;
			children = (
				6FC844692909A9B4007105C3 /* MainViewController.swift */,
				6FC8446A2909A9B4007105C3 /* MainViewController.xib */,
				6FC8446D2909BA1F007105C3 /* BarProgressView.swift */,
			);
			path = Views;
			sourceTree = "<group>";
		};
		AACDA689F189BA7A7C8F2F72 /* Pods */ = {
			isa = PBXGroup;
			children = (
				49BEB0DE2FCA2E0E5B723879 /* Pods-Teste Sports Match.debug.xcconfig */,
				7D4610DEB28B47BED678EA7A /* Pods-Teste Sports Match.release.xcconfig */,
			);
			path = Pods;
			sourceTree = "<group>";
		};
/* End PBXGroup section */

/* Begin PBXNativeTarget section */
		6FC844512909A972007105C3 /* Teste Sports Match */ = {
			isa = PBXNativeTarget;
			buildConfigurationList = 6FC844662909A975007105C3 /* Build configuration list for PBXNativeTarget "Teste Sports Match" */;
			buildPhases = (
				765A8A150E091D32FA3CDFE2 /* [CP] Check Pods Manifest.lock */,
				6FC8444E2909A972007105C3 /* Sources */,
				6FC8444F2909A972007105C3 /* Frameworks */,
				6FC844502909A972007105C3 /* Resources */,
				C7F5852BF396A7DA13136E12 /* [CP] Embed Pods Frameworks */,
			);
			buildRules = (
			);
			dependencies = (
			);
			name = "Teste Sports Match";
			productName = "Teste Sports Match";
			productReference = 6FC844522909A972007105C3 /* Teste Sports Match.app */;
			productType = "com.apple.product-type.application";
		};
/* End PBXNativeTarget section */

/* Begin PBXProject section */
		6FC8444A2909A972007105C3 /* Project object */ = {
			isa = PBXProject;
			attributes = {
				BuildIndependentTargetsInParallel = 1;
				LastSwiftUpdateCheck = 1320;
				LastUpgradeCheck = 1320;
				TargetAttributes = {
					6FC844512909A972007105C3 = {
						CreatedOnToolsVersion = 13.2.1;
					};
				};
			};
			buildConfigurationList = 6FC8444D2909A972007105C3 /* Build configuration list for PBXProject "Teste Sports Match" */;
			compatibilityVersion = "Xcode 13.0";
			developmentRegion = en;
			hasScannedForEncodings = 0;
			knownRegions = (
				en,
				Base,
			);
			mainGroup = 6FC844492909A972007105C3;
			productRefGroup = 6FC844532909A972007105C3 /* Products */;
			projectDirPath = "";
			projectRoot = "";
			targets = (
				6FC844512909A972007105C3 /* Teste Sports Match */,
			);
		};
/* End PBXProject section */

/* Begin PBXResourcesBuildPhase section */
		6FC844502909A972007105C3 /* Resources */ = {
			isa = PBXResourcesBuildPhase;
			buildActionMask = 2147483647;
			files = (
				6FC844622909A975007105C3 /* LaunchScreen.storyboard in Resources */,
				6FC8445F2909A975007105C3 /* Assets.xcassets in Resources */,
				6FC8446C2909A9B4007105C3 /* MainViewController.xib in Resources */,
			);
			runOnlyForDeploymentPostprocessing = 0;
		};
/* End PBXResourcesBuildPhase section */

/* Begin PBXShellScriptBuildPhase section */
		765A8A150E091D32FA3CDFE2 /* [CP] Check Pods Manifest.lock */ = {
			isa = PBXShellScriptBuildPhase;
			buildActionMask = 2147483647;
			files = (
			);
			inputFileListPaths = (
			);
			inputPaths = (
				"${PODS_PODFILE_DIR_PATH}/Podfile.lock",
				"${PODS_ROOT}/Manifest.lock",
			);
			name = "[CP] Check Pods Manifest.lock";
			outputFileListPaths = (
			);
			outputPaths = (
				"$(DERIVED_FILE_DIR)/Pods-Teste Sports Match-checkManifestLockResult.txt",
			);
			runOnlyForDeploymentPostprocessing = 0;
			shellPath = /bin/sh;
			shellScript = "diff \"${PODS_PODFILE_DIR_PATH}/Podfile.lock\" \"${PODS_ROOT}/Manifest.lock\" > /dev/null\nif [ $? != 0 ] ; then\n    # print error to STDERR\n    echo \"error: The sandbox is not in sync with the Podfile.lock. Run 'pod install' or update your CocoaPods installation.\" >&2\n    exit 1\nfi\n# This output is used by Xcode 'outputs' to avoid re-running this script phase.\necho \"SUCCESS\" > \"${SCRIPT_OUTPUT_FILE_0}\"\n";
			showEnvVarsInLog = 0;
		};
		C7F5852BF396A7DA13136E12 /* [CP] Embed Pods Frameworks */ = {
			isa = PBXShellScriptBuildPhase;
			buildActionMask = 2147483647;
			files = (
			);
			inputFileListPaths = (
				"${PODS_ROOT}/Target Support Files/Pods-Teste Sports Match/Pods-Teste Sports Match-frameworks-${CONFIGURATION}-input-files.xcfilelist",
			);
			name = "[CP] Embed Pods Frameworks";
			outputFileListPaths = (
				"${PODS_ROOT}/Target Support Files/Pods-Teste Sports Match/Pods-Teste Sports Match-frameworks-${CONFIGURATION}-output-files.xcfilelist",
			);
			runOnlyForDeploymentPostprocessing = 0;
			shellPath = /bin/sh;
			shellScript = "\"${PODS_ROOT}/Target Support Files/Pods-Teste Sports Match/Pods-Teste Sports Match-frameworks.sh\"\n";
			showEnvVarsInLog = 0;
		};
/* End PBXShellScriptBuildPhase section */

/* Begin PBXSourcesBuildPhase section */
		6FC8444E2909A972007105C3 /* Sources */ = {
			isa = PBXSourcesBuildPhase;
			buildActionMask = 2147483647;
			files = (
				6FC844562909A972007105C3 /* AppDelegate.swift in Sources */,
				6FC844702909CCA0007105C3 /* Networking.swift in Sources */,
				6FC8446E2909BA1F007105C3 /* BarProgressView.swift in Sources */,
				6FC844582909A972007105C3 /* SceneDelegate.swift in Sources */,
				6FC844732909D166007105C3 /* Player.swift in Sources */,
				6FC844752909D17C007105C3 /* PlayerResponse.swift in Sources */,
				6FC8446B2909A9B4007105C3 /* MainViewController.swift in Sources */,
				6FC844772909DACA007105C3 /* WorldCupData.swift in Sources */,
			);
			runOnlyForDeploymentPostprocessing = 0;
		};
/* End PBXSourcesBuildPhase section */

/* Begin PBXVariantGroup section */
		6FC844602909A975007105C3 /* LaunchScreen.storyboard */ = {
			isa = PBXVariantGroup;
			children = (
				6FC844612909A975007105C3 /* Base */,
			);
			name = LaunchScreen.storyboard;
			sourceTree = "<group>";
		};
/* End PBXVariantGroup section */

/* Begin XCBuildConfiguration section */
		6FC844642909A975007105C3 /* Debug */ = {
			isa = XCBuildConfiguration;
			buildSettings = {
				ALWAYS_SEARCH_USER_PATHS = NO;
				CLANG_ANALYZER_NONNULL = YES;
				CLANG_ANALYZER_NUMBER_OBJECT_CONVERSION = YES_AGGRESSIVE;
				CLANG_CXX_LANGUAGE_STANDARD = "gnu++17";
				CLANG_CXX_LIBRARY = "libc++";
				CLANG_ENABLE_MODULES = YES;
				CLANG_ENABLE_OBJC_ARC = YES;
				CLANG_ENABLE_OBJC_WEAK = YES;
				CLANG_WARN_BLOCK_CAPTURE_AUTORELEASING = YES;
				CLANG_WARN_BOOL_CONVERSION = YES;
				CLANG_WARN_COMMA = YES;
				CLANG_WARN_CONSTANT_CONVERSION = YES;
				CLANG_WARN_DEPRECATED_OBJC_IMPLEMENTATIONS = YES;
				CLANG_WARN_DIRECT_OBJC_ISA_USAGE = YES_ERROR;
				CLANG_WARN_DOCUMENTATION_COMMENTS = YES;
				CLANG_WARN_EMPTY_BODY = YES;
				CLANG_WARN_ENUM_CONVERSION = YES;
				CLANG_WARN_INFINITE_RECURSION = YES;
				CLANG_WARN_INT_CONVERSION = YES;
				CLANG_WARN_NON_LITERAL_NULL_CONVERSION = YES;
				CLANG_WARN_OBJC_IMPLICIT_RETAIN_SELF = YES;
				CLANG_WARN_OBJC_LITERAL_CONVERSION = YES;
				CLANG_WARN_OBJC_ROOT_CLASS = YES_ERROR;
				CLANG_WARN_QUOTED_INCLUDE_IN_FRAMEWORK_HEADER = YES;
				CLANG_WARN_RANGE_LOOP_ANALYSIS = YES;
				CLANG_WARN_STRICT_PROTOTYPES = YES;
				CLANG_WARN_SUSPICIOUS_MOVE = YES;
				CLANG_WARN_UNGUARDED_AVAILABILITY = YES_AGGRESSIVE;
				CLANG_WARN_UNREACHABLE_CODE = YES;
				CLANG_WARN__DUPLICATE_METHOD_MATCH = YES;
				COPY_PHASE_STRIP = NO;
				DEBUG_INFORMATION_FORMAT = dwarf;
				ENABLE_STRICT_OBJC_MSGSEND = YES;
				ENABLE_TESTABILITY = YES;
				GCC_C_LANGUAGE_STANDARD = gnu11;
				GCC_DYNAMIC_NO_PIC = NO;
				GCC_NO_COMMON_BLOCKS = YES;
				GCC_OPTIMIZATION_LEVEL = 0;
				GCC_PREPROCESSOR_DEFINITIONS = (
					"DEBUG=1",
					"$(inherited)",
				);
				GCC_WARN_64_TO_32_BIT_CONVERSION = YES;
				GCC_WARN_ABOUT_RETURN_TYPE = YES_ERROR;
				GCC_WARN_UNDECLARED_SELECTOR = YES;
				GCC_WARN_UNINITIALIZED_AUTOS = YES_AGGRESSIVE;
				GCC_WARN_UNUSED_FUNCTION = YES;
				GCC_WARN_UNUSED_VARIABLE = YES;
				IPHONEOS_DEPLOYMENT_TARGET = 15.2;
				MTL_ENABLE_DEBUG_INFO = INCLUDE_SOURCE;
				MTL_FAST_MATH = YES;
				ONLY_ACTIVE_ARCH = YES;
				SDKROOT = iphoneos;
				SWIFT_ACTIVE_COMPILATION_CONDITIONS = DEBUG;
				SWIFT_OPTIMIZATION_LEVEL = "-Onone";
			};
			name = Debug;
		};
		6FC844652909A975007105C3 /* Release */ = {
			isa = XCBuildConfiguration;
			buildSettings = {
				ALWAYS_SEARCH_USER_PATHS = NO;
				CLANG_ANALYZER_NONNULL = YES;
				CLANG_ANALYZER_NUMBER_OBJECT_CONVERSION = YES_AGGRESSIVE;
				CLANG_CXX_LANGUAGE_STANDARD = "gnu++17";
				CLANG_CXX_LIBRARY = "libc++";
				CLANG_ENABLE_MODULES = YES;
				CLANG_ENABLE_OBJC_ARC = YES;
				CLANG_ENABLE_OBJC_WEAK = YES;
				CLANG_WARN_BLOCK_CAPTURE_AUTORELEASING = YES;
				CLANG_WARN_BOOL_CONVERSION = YES;
				CLANG_WARN_COMMA = YES;
				CLANG_WARN_CONSTANT_CONVERSION = YES;
				CLANG_WARN_DEPRECATED_OBJC_IMPLEMENTATIONS = YES;
				CLANG_WARN_DIRECT_OBJC_ISA_USAGE = YES_ERROR;
				CLANG_WARN_DOCUMENTATION_COMMENTS = YES;
				CLANG_WARN_EMPTY_BODY = YES;
				CLANG_WARN_ENUM_CONVERSION = YES;
				CLANG_WARN_INFINITE_RECURSION = YES;
				CLANG_WARN_INT_CONVERSION = YES;
				CLANG_WARN_NON_LITERAL_NULL_CONVERSION = YES;
				CLANG_WARN_OBJC_IMPLICIT_RETAIN_SELF = YES;
				CLANG_WARN_OBJC_LITERAL_CONVERSION = YES;
				CLANG_WARN_OBJC_ROOT_CLASS = YES_ERROR;
				CLANG_WARN_QUOTED_INCLUDE_IN_FRAMEWORK_HEADER = YES;
				CLANG_WARN_RANGE_LOOP_ANALYSIS = YES;
				CLANG_WARN_STRICT_PROTOTYPES = YES;
				CLANG_WARN_SUSPICIOUS_MOVE = YES;
				CLANG_WARN_UNGUARDED_AVAILABILITY = YES_AGGRESSIVE;
				CLANG_WARN_UNREACHABLE_CODE = YES;
				CLANG_WARN__DUPLICATE_METHOD_MATCH = YES;
				COPY_PHASE_STRIP = NO;
				DEBUG_INFORMATION_FORMAT = "dwarf-with-dsym";
				ENABLE_NS_ASSERTIONS = NO;
				ENABLE_STRICT_OBJC_MSGSEND = YES;
				GCC_C_LANGUAGE_STANDARD = gnu11;
				GCC_NO_COMMON_BLOCKS = YES;
				GCC_WARN_64_TO_32_BIT_CONVERSION = YES;
				GCC_WARN_ABOUT_RETURN_TYPE = YES_ERROR;
				GCC_WARN_UNDECLARED_SELECTOR = YES;
				GCC_WARN_UNINITIALIZED_AUTOS = YES_AGGRESSIVE;
				GCC_WARN_UNUSED_FUNCTION = YES;
				GCC_WARN_UNUSED_VARIABLE = YES;
				IPHONEOS_DEPLOYMENT_TARGET = 15.2;
				MTL_ENABLE_DEBUG_INFO = NO;
				MTL_FAST_MATH = YES;
				SDKROOT = iphoneos;
				SWIFT_COMPILATION_MODE = wholemodule;
				SWIFT_OPTIMIZATION_LEVEL = "-O";
				VALIDATE_PRODUCT = YES;
			};
			name = Release;
		};
		6FC844672909A975007105C3 /* Debug */ = {
			isa = XCBuildConfiguration;
			baseConfigurationReference = 49BEB0DE2FCA2E0E5B723879 /* Pods-Teste Sports Match.debug.xcconfig */;
			buildSettings = {
				ASSETCATALOG_COMPILER_APPICON_NAME = AppIcon;
				ASSETCATALOG_COMPILER_GLOBAL_ACCENT_COLOR_NAME = AccentColor;
				CODE_SIGN_STYLE = Automatic;
				CURRENT_PROJECT_VERSION = 1;
				DEVELOPMENT_TEAM = 5TQL3F4Z97;
				GENERATE_INFOPLIST_FILE = YES;
				INFOPLIST_FILE = "Teste Sports Match/Info.plist";
				INFOPLIST_KEY_UIApplicationSupportsIndirectInputEvents = YES;
				INFOPLIST_KEY_UILaunchStoryboardName = LaunchScreen;
				INFOPLIST_KEY_UISupportedInterfaceOrientations = UIInterfaceOrientationPortrait;
				INFOPLIST_KEY_UISupportedInterfaceOrientations_iPad = "UIInterfaceOrientationPortrait UIInterfaceOrientationPortraitUpsideDown UIInterfaceOrientationLandscapeLeft UIInterfaceOrientationLandscapeRight";
				INFOPLIST_KEY_UISupportedInterfaceOrientations_iPhone = "UIInterfaceOrientationPortrait UIInterfaceOrientationLandscapeLeft UIInterfaceOrientationLandscapeRight";
				LD_RUNPATH_SEARCH_PATHS = (
					"$(inherited)",
					"@executable_path/Frameworks",
				);
				MARKETING_VERSION = 1.0;
				PRODUCT_BUNDLE_IDENTIFIER = "com.carneiro.Teste-Sports-Match";
				PRODUCT_NAME = "$(TARGET_NAME)";
				SWIFT_EMIT_LOC_STRINGS = YES;
				SWIFT_VERSION = 5.0;
				TARGETED_DEVICE_FAMILY = 1;
			};
			name = Debug;
		};
		6FC844682909A975007105C3 /* Release */ = {
			isa = XCBuildConfiguration;
			baseConfigurationReference = 7D4610DEB28B47BED678EA7A /* Pods-Teste Sports Match.release.xcconfig */;
			buildSettings = {
				ASSETCATALOG_COMPILER_APPICON_NAME = AppIcon;
				ASSETCATALOG_COMPILER_GLOBAL_ACCENT_COLOR_NAME = AccentColor;
				CODE_SIGN_STYLE = Automatic;
				CURRENT_PROJECT_VERSION = 1;
				DEVELOPMENT_TEAM = 5TQL3F4Z97;
				GENERATE_INFOPLIST_FILE = YES;
				INFOPLIST_FILE = "Teste Sports Match/Info.plist";
				INFOPLIST_KEY_UIApplicationSupportsIndirectInputEvents = YES;
				INFOPLIST_KEY_UILaunchStoryboardName = LaunchScreen;
				INFOPLIST_KEY_UISupportedInterfaceOrientations = UIInterfaceOrientationPortrait;
				INFOPLIST_KEY_UISupportedInterfaceOrientations_iPad = "UIInterfaceOrientationPortrait UIInterfaceOrientationPortraitUpsideDown UIInterfaceOrientationLandscapeLeft UIInterfaceOrientationLandscapeRight";
				INFOPLIST_KEY_UISupportedInterfaceOrientations_iPhone = "UIInterfaceOrientationPortrait UIInterfaceOrientationLandscapeLeft UIInterfaceOrientationLandscapeRight";
				LD_RUNPATH_SEARCH_PATHS = (
					"$(inherited)",
					"@executable_path/Frameworks",
				);
				MARKETING_VERSION = 1.0;
				PRODUCT_BUNDLE_IDENTIFIER = "com.carneiro.Teste-Sports-Match";
				PRODUCT_NAME = "$(TARGET_NAME)";
				SWIFT_EMIT_LOC_STRINGS = YES;
				SWIFT_VERSION = 5.0;
				TARGETED_DEVICE_FAMILY = 1;
			};
			name = Release;
		};
/* End XCBuildConfiguration section */

/* Begin XCConfigurationList section */
		6FC8444D2909A972007105C3 /* Build configuration list for PBXProject "Teste Sports Match" */ = {
			isa = XCConfigurationList;
			buildConfigurations = (
				6FC844642909A975007105C3 /* Debug */,
				6FC844652909A975007105C3 /* Release */,
			);
			defaultConfigurationIsVisible = 0;
			defaultConfigurationName = Release;
		};
		6FC844662909A975007105C3 /* Build configuration list for PBXNativeTarget "Teste Sports Match" */ = {
			isa = XCConfigurationList;
			buildConfigurations = (
				6FC844672909A975007105C3 /* Debug */,
				6FC844682909A975007105C3 /* Release */,
			);
			defaultConfigurationIsVisible = 0;
			defaultConfigurationName = Release;
		};
/* End XCConfigurationList section */
	};
	rootObject = 6FC8444A2909A972007105C3 /* Project object */;
}
